<?xml version="1.0" encoding="utf-8"?>
<Project ToolsVersion="4.0" xmlns="http://schemas.microsoft.com/developer/msbuild/2003">
  <ItemGroup>
    <Filter Include="Source Files">
      <UniqueIdentifier>{4FC737F1-C7A5-4376-A066-2A32D752A2FF}</UniqueIdentifier>
      <Extensions>cpp;c;cc;cxx;c++;cppm;ixx;def;odl;idl;hpj;bat;asm;asmx</Extensions>
    </Filter>
    <Filter Include="Header Files">
      <UniqueIdentifier>{93995380-89BD-4b04-88EB-625FBE52EBFB}</UniqueIdentifier>
      <Extensions>h;hh;hpp;hxx;h++;hm;inl;inc;ipp;xsd</Extensions>
    </Filter>
    <Filter Include="Resource Files">
      <UniqueIdentifier>{67DA6AB6-F800-4c08-8B7A-83BB121AAD01}</UniqueIdentifier>
      <Extensions>rc;ico;cur;bmp;dlg;rc2;rct;bin;rgs;gif;jpg;jpeg;jpe;resx;tiff;tif;png;wav;mfcribbon-ms</Extensions>
    </Filter>
    <Filter Include="Header Files\Checkers">
      <UniqueIdentifier>{e54f1b11-ce14-44df-84f1-3614a831cdac}</UniqueIdentifier>
    </Filter>
    <Filter Include="Source Files\Checkers">
      <UniqueIdentifier>{753f16b3-380a-4bae-a7c2-a105d6c3e84a}</UniqueIdentifier>
    </Filter>
    <Filter Include="Source Files\TDL">
      <UniqueIdentifier>{61e53bd7-29ef-41fa-a21f-c10847060c2b}</UniqueIdentifier>
    </Filter>
    <Filter Include="Header Files\TDL">
      <UniqueIdentifier>{7d8887ec-7430-4aef-b03b-f91885967755}</UniqueIdentifier>
    </Filter>
  </ItemGroup>
  <ItemGroup>
    <ClInclude Include="Headers\Checkers\State.h">
      <Filter>Header Files\Checkers</Filter>
    </ClInclude>
    <ClInclude Include="Headers\Checkers\TrainingEngine.h">
      <Filter>Header Files\Checkers</Filter>
    </ClInclude>
    <ClInclude Include="Headers\IState.h">
      <Filter>Header Files</Filter>
    </ClInclude>
    <ClInclude Include="Headers\Checkerboard.h">
      <Filter>Header Files</Filter>
    </ClInclude>
    <ClInclude Include="Headers\PiecePosition.h">
      <Filter>Header Files</Filter>
    </ClInclude>
    <ClInclude Include="Headers\SubMove.h">
      <Filter>Header Files</Filter>
    </ClInclude>
    <ClInclude Include="Headers\Move.h">
      <Filter>Header Files</Filter>
    </ClInclude>
    <ClInclude Include="Headers\Agent.h">
      <Filter>Header Files</Filter>
    </ClInclude>
    <ClInclude Include="Headers\IMinimalAgent.h">
      <Filter>Header Files</Filter>
    </ClInclude>
    <ClInclude Include="Headers\AgentTypeId.h">
      <Filter>Header Files</Filter>
    </ClInclude>
    <ClInclude Include="Headers\InteractiveAgent.h">
      <Filter>Header Files</Filter>
    </ClInclude>
    <ClInclude Include="Headers\RandomAgent.h">
      <Filter>Header Files</Filter>
    </ClInclude>
    <ClInclude Include="Headers\Board.h">
      <Filter>Header Files</Filter>
    </ClInclude>
    <ClInclude Include="Headers\AgentPack.h">
      <Filter>Header Files</Filter>
    </ClInclude>
    <ClInclude Include="Headers\TdlTrainingAdapter.h">
      <Filter>Header Files\TDL</Filter>
    </ClInclude>
    <ClInclude Include="Headers\TdlAbstractAgent.h">
      <Filter>Header Files\TDL</Filter>
    </ClInclude>
    <ClInclude Include="Headers\TdLambdaAgent.h">
      <Filter>Header Files\TDL</Filter>
    </ClInclude>
    <ClInclude Include="Headers\TdLambdaSubAgent.h">
      <Filter>Header Files\TDL</Filter>
    </ClInclude>
    <ClInclude Include="Headers\TdlEnsembleAgent.h">
      <Filter>Header Files\TDL</Filter>
    </ClInclude>
    <ClInclude Include="Headers\TdlLegacyMsgPackAdapter.h">
      <Filter>Header Files\TDL</Filter>
    </ClInclude>
    <ClInclude Include="Headers\TdlSettings.h">
      <Filter>Header Files\TDL</Filter>
    </ClInclude>
    <ClInclude Include="Headers\MoveData.h">
      <Filter>Header Files\TDL</Filter>
    </ClInclude>
  </ItemGroup>
  <ItemGroup>
    <ClCompile Include="Source\Checkers\State.cpp">
      <Filter>Source Files\Checkers</Filter>
    </ClCompile>
    <ClCompile Include="Source\Checkers\TrainingEngine.cpp">
      <Filter>Source Files\Checkers</Filter>
    </ClCompile>
    <ClCompile Include="Source\PiecePosition.cpp">
      <Filter>Source Files</Filter>
    </ClCompile>
    <ClCompile Include="Source\SubMove.cpp">
      <Filter>Source Files</Filter>
    </ClCompile>
    <ClCompile Include="Source\Move.cpp">
      <Filter>Source Files</Filter>
    </ClCompile>
    <ClCompile Include="Source\Agent.cpp">
      <Filter>Source Files</Filter>
    </ClCompile>
    <ClCompile Include="Source\AgentTypeId.cpp">
      <Filter>Source Files</Filter>
    </ClCompile>
    <ClCompile Include="Source\InteractiveAgent.cpp">
      <Filter>Source Files</Filter>
    </ClCompile>
    <ClCompile Include="Source\RandomAgent.cpp">
      <Filter>Source Files</Filter>
    </ClCompile>
    <ClCompile Include="Source\Board.cpp">
      <Filter>Source Files</Filter>
    </ClCompile>
    <ClCompile Include="Source\AgentPack.cpp">
      <Filter>Source Files</Filter>
    </ClCompile>
    <ClCompile Include="Source\TdlAbstractAgent.cpp">
      <Filter>Source Files\TDL</Filter>
    </ClCompile>
    <ClCompile Include="Source\TdLambdaAgent.cpp">
      <Filter>Source Files\TDL</Filter>
    </ClCompile>
    <ClCompile Include="Source\TdLambdaSubAgent.cpp">
      <Filter>Source Files\TDL</Filter>
    </ClCompile>
    <ClCompile Include="Source\TdlEnsembleAgent.cpp">
      <Filter>Source Files\TDL</Filter>
    </ClCompile>
    <ClCompile Include="Source\TdlSettings.cpp">
      <Filter>Source Files\TDL</Filter>
    </ClCompile>
    <ClCompile Include="Source\TdlTrainingAdapter.cpp">
      <Filter>Source Files\TDL</Filter>
    </ClCompile>
  </ItemGroup>
  <ItemGroup>
    <None Include="packages.config" />
  </ItemGroup>
</Project>