<?xml version="1.0" encoding="utf-8"?>
<Project ToolsVersion="4.0" xmlns="http://schemas.microsoft.com/developer/msbuild/2003">
  <ItemGroup>
    <Filter Include="Source Files">
      <UniqueIdentifier>{4FC737F1-C7A5-4376-A066-2A32D752A2FF}</UniqueIdentifier>
      <Extensions>cpp;c;cc;cxx;c++;cppm;ixx;def;odl;idl;hpj;bat;asm;asmx</Extensions>
    </Filter>
    <Filter Include="Header Files">
      <UniqueIdentifier>{93995380-89BD-4b04-88EB-625FBE52EBFB}</UniqueIdentifier>
      <Extensions>h;hh;hpp;hxx;h++;hm;inl;inc;ipp;xsd</Extensions>
    </Filter>
    <Filter Include="Resource Files">
      <UniqueIdentifier>{67DA6AB6-F800-4c08-8B7A-83BB121AAD01}</UniqueIdentifier>
      <Extensions>rc;ico;cur;bmp;dlg;rc2;rct;bin;rgs;gif;jpg;jpeg;jpe;resx;tiff;tif;png;wav;mfcribbon-ms</Extensions>
    </Filter>
    <Filter Include="Header Files\Checkers">
      <UniqueIdentifier>{e54f1b11-ce14-44df-84f1-3614a831cdac}</UniqueIdentifier>
    </Filter>
    <Filter Include="Source Files\Checkers">
      <UniqueIdentifier>{753f16b3-380a-4bae-a7c2-a105d6c3e84a}</UniqueIdentifier>
    </Filter>
  </ItemGroup>
  <ItemGroup>
    <ClInclude Include="Headers\Checkers\Agent.h">
      <Filter>Header Files\Checkers</Filter>
    </ClInclude>
    <ClInclude Include="Headers\Checkers\Utils.h">
      <Filter>Header Files\Checkers</Filter>
    </ClInclude>
    <ClInclude Include="Headers\Checkers\Board.h">
      <Filter>Header Files\Checkers</Filter>
    </ClInclude>
    <ClInclude Include="Headers\Checkers\AgentPack.h">
      <Filter>Header Files\Checkers</Filter>
    </ClInclude>
  </ItemGroup>
  <ItemGroup>
    <ClCompile Include="Source\Checkers\Utils.cpp">
      <Filter>Source Files\Checkers</Filter>
    </ClCompile>
    <ClCompile Include="Source\Checkers\Agent.cpp">
      <Filter>Source Files\Checkers</Filter>
    </ClCompile>
    <ClCompile Include="Source\Checkers\Board.cpp">
      <Filter>Source Files\Checkers</Filter>
    </ClCompile>
    <ClCompile Include="Source\Checkers\AgentPack.cpp">
      <Filter>Source Files\Checkers</Filter>
    </ClCompile>
  </ItemGroup>
  <ItemGroup>
    <None Include="packages.config" />
  </ItemGroup>
</Project>