
Microsoft Visual Studio Solution File, Format Version 12.00
# Visual Studio Version 16
VisualStudioVersion = 16.0.32602.291
MinimumVisualStudioVersion = 10.0.40219.1
Project("{8BC9CEB8-8B4A-11D0-8D11-00A0C91BC942}") = "TrainingCell", "TrainingCell\TrainingCell.vcxproj", "{83C92853-27D9-411E-B057-637DE58492C2}"
EndProject
Project("{8BC9CEB8-8B4A-11D0-8D11-00A0C91BC942}") = "DeepLearning", "DeepLearning\DeepLearning\DeepLearning.vcxproj", "{50160B3B-7FF2-43C0-B650-54332EF4FA75}"
EndProject
Project("{8BC9CEB8-8B4A-11D0-8D11-00A0C91BC942}") = "TrainingCellDll", "TrainingCellDll\TrainingCellDll.vcxproj", "{8E74E456-8A10-431E-B578-C05AB0B76FCA}"
EndProject
Project("{FAE04EC0-301F-11D3-BF4B-00C04F79EFBC}") = "Monitor", "Monitor\Monitor.csproj", "{3B79B2A0-2304-49CD-B8E8-5A26B41119DB}"
	ProjectSection(ProjectDependencies) = postProject
		{8E74E456-8A10-431E-B578-C05AB0B76FCA} = {8E74E456-8A10-431E-B578-C05AB0B76FCA}
	EndProjectSection
EndProject
Project("{8BC9CEB8-8B4A-11D0-8D11-00A0C91BC942}") = "TrainingCellTest", "TrainingCellTest\TrainingCellTest.vcxproj", "{B8D56F91-D966-4C11-875D-E18A42E3098D}"
EndProject
Global
	GlobalSection(SolutionConfigurationPlatforms) = preSolution
		Debug|x64 = Debug|x64
		IntelCompiler2022|x64 = IntelCompiler2022|x64
		Release|x64 = Release|x64
	EndGlobalSection
	GlobalSection(ProjectConfigurationPlatforms) = postSolution
		{83C92853-27D9-411E-B057-637DE58492C2}.Debug|x64.ActiveCfg = Debug|x64
		{83C92853-27D9-411E-B057-637DE58492C2}.Debug|x64.Build.0 = Debug|x64
		{83C92853-27D9-411E-B057-637DE58492C2}.IntelCompiler2022|x64.ActiveCfg = Release|x64
		{83C92853-27D9-411E-B057-637DE58492C2}.IntelCompiler2022|x64.Build.0 = Release|x64
		{83C92853-27D9-411E-B057-637DE58492C2}.Release|x64.ActiveCfg = Release|x64
		{83C92853-27D9-411E-B057-637DE58492C2}.Release|x64.Build.0 = Release|x64
		{50160B3B-7FF2-43C0-B650-54332EF4FA75}.Debug|x64.ActiveCfg = Debug|x64
		{50160B3B-7FF2-43C0-B650-54332EF4FA75}.Debug|x64.Build.0 = Debug|x64
		{50160B3B-7FF2-43C0-B650-54332EF4FA75}.IntelCompiler2022|x64.ActiveCfg = IntelCompiler2022|x64
		{50160B3B-7FF2-43C0-B650-54332EF4FA75}.IntelCompiler2022|x64.Build.0 = IntelCompiler2022|x64
		{50160B3B-7FF2-43C0-B650-54332EF4FA75}.Release|x64.ActiveCfg = Release|x64
		{50160B3B-7FF2-43C0-B650-54332EF4FA75}.Release|x64.Build.0 = Release|x64
		{8E74E456-8A10-431E-B578-C05AB0B76FCA}.Debug|x64.ActiveCfg = Debug|x64
		{8E74E456-8A10-431E-B578-C05AB0B76FCA}.Debug|x64.Build.0 = Debug|x64
		{8E74E456-8A10-431E-B578-C05AB0B76FCA}.IntelCompiler2022|x64.ActiveCfg = Debug|x64
		{8E74E456-8A10-431E-B578-C05AB0B76FCA}.IntelCompiler2022|x64.Build.0 = Debug|x64
		{8E74E456-8A10-431E-B578-C05AB0B76FCA}.Release|x64.ActiveCfg = Release|x64
		{8E74E456-8A10-431E-B578-C05AB0B76FCA}.Release|x64.Build.0 = Release|x64
		{3B79B2A0-2304-49CD-B8E8-5A26B41119DB}.Debug|x64.ActiveCfg = Debug|x64
		{3B79B2A0-2304-49CD-B8E8-5A26B41119DB}.Debug|x64.Build.0 = Debug|x64
		{3B79B2A0-2304-49CD-B8E8-5A26B41119DB}.IntelCompiler2022|x64.ActiveCfg = Debug|x64
		{3B79B2A0-2304-49CD-B8E8-5A26B41119DB}.Release|x64.ActiveCfg = Release|x64
		{3B79B2A0-2304-49CD-B8E8-5A26B41119DB}.Release|x64.Build.0 = Release|x64
		{B8D56F91-D966-4C11-875D-E18A42E3098D}.Debug|x64.ActiveCfg = Debug|x64
		{B8D56F91-D966-4C11-875D-E18A42E3098D}.Debug|x64.Build.0 = Debug|x64
		{B8D56F91-D966-4C11-875D-E18A42E3098D}.IntelCompiler2022|x64.ActiveCfg = Debug|x64
		{B8D56F91-D966-4C11-875D-E18A42E3098D}.IntelCompiler2022|x64.Build.0 = Debug|x64
		{B8D56F91-D966-4C11-875D-E18A42E3098D}.Release|x64.ActiveCfg = Release|x64
		{B8D56F91-D966-4C11-875D-E18A42E3098D}.Release|x64.Build.0 = Release|x64
	EndGlobalSection
	GlobalSection(SolutionProperties) = preSolution
		HideSolutionNode = FALSE
	EndGlobalSection
	GlobalSection(ExtensibilityGlobals) = postSolution
		SolutionGuid = {C29362FF-FBC9-4075-ABA4-1E1288FE0D1F}
	EndGlobalSection
EndGlobal
